s{
  "name": "action-pr-preview",
  "version": "0.0.1",
  "lockfileVersion": 1,
  "requires": true,
  "dependencies": {
    "@actions/core": {
      "version": "1.4.0",
      "resolved": "http://registry.m.jd.com/@actions/core/download/@actions/core-1.4.0.tgz",
      "integrity": "sha1-zy5u4xfjFLA4hq3+sg5EjVDW5SQ="
    },
    "@actions/exec": {
      "version": "1.1.0",
      "resolved": "https://registry.npmjs.org/@actions/exec/-/exec-1.1.0.tgz",
      "integrity": "sha512-LImpN9AY0J1R1mEYJjVJfSZWU4zYOlEcwSTgPve1rFQqK5AwrEs6uWW5Rv70gbDIQIAUwI86z6B+9mPK4w9Sbg==",
      "requires": {
        "@actions/io": "^1.0.1"
      }
    },
    "@actions/github": {
      "version": "5.0.0",
      "resolved": "http://registry.m.jd.com/@actions/github/download/@actions/github-5.0.0.tgz",
      "integrity": "sha1-F1QSeXbFC9iLLpBfENIE120Ucvg=",
      "requires": {
        "@actions/http-client": "^1.0.11",
        "@octokit/core": "^3.4.0",
        "@octokit/plugin-paginate-rest": "^2.13.3",
        "@octokit/plugin-rest-endpoint-methods": "^5.1.1"
      }
    },
    "@actions/http-client": {
      "version": "1.0.11",
      "resolved": "http://registry.m.jd.com/@actions/http-client/download/@actions/http-client-1.0.11.tgz",
      "integrity": "sha1-xYsS6aqLFZ7jnn3Wy9DpHZBWM8A=",
      "requires": {
        "tunnel": "0.0.6"
      }
    },
    "@actions/io": {
      "version": "1.0.2",
      "resolved": "http://registry.m.jd.com/@actions/io/download/@actions/io-1.0.2.tgz",
      "integrity": "sha1-L2FLbmnOFNGRGARR6zjmV2puayc="
    },
    "@octokit/auth-token": {
      "version": "2.4.5",
      "resolved": "http://registry.m.jd.com/@octokit/auth-token/download/@octokit/auth-token-2.4.5.tgz",
      "integrity": "sha1-VozPuMtG82RB+sCUzjT3qHWxl/M=",
      "requires": {
        "@octokit/types": "^6.0.3"
      }
    },
    "@octokit/core": {
      "version": "3.5.1",
      "resolved": "http://registry.m.jd.com/@octokit/core/download/@octokit/core-3.5.1.tgz",
      "integrity": "sha1-hgHO6x7A4bG4IXuWCkE+2OlHgJs=",
      "requires": {
        "@octokit/auth-token": "^2.4.4",
        "@octokit/graphql": "^4.5.8",
        "@octokit/request": "^5.6.0",
        "@octokit/request-error": "^2.0.5",
        "@octokit/types": "^6.0.3",
        "before-after-hook": "^2.2.0",
        "universal-user-agent": "^6.0.0"
      }
    },
    "@octokit/endpoint": {
      "version": "6.0.12",
      "resolved": "http://registry.m.jd.com/@octokit/endpoint/download/@octokit/endpoint-6.0.12.tgz",
      "integrity": "sha1-O01HpLDnmxAn+4111CIZKLLQVlg=",
      "requires": {
        "@octokit/types": "^6.0.3",
        "is-plain-object": "^5.0.0",
        "universal-user-agent": "^6.0.0"
      }
    },
    "@octokit/graphql": {
      "version": "4.6.4",
      "resolved": "http://registry.m.jd.com/@octokit/graphql/download/@octokit/graphql-4.6.4.tgz",
      "integrity": "sha1-DD9b7UQIIhgulyMXEirLZdMRpe0=",
      "requires": {
        "@octokit/request": "^5.6.0",
        "@octokit/types": "^6.0.3",
        "universal-user-agent": "^6.0.0"
      }
    },
    "@octokit/openapi-types": {
      "version": "9.2.0",
      "resolved": "http://registry.m.jd.com/@octokit/openapi-types/download/@octokit/openapi-types-9.2.0.tgz",
      "integrity": "sha1-Rrv+aoW/0ph+aSFpVfzQTffQJbs="
    },
    "@octokit/plugin-paginate-rest": {
      "version": "2.14.0",
      "resolved": "http://registry.m.jd.com/@octokit/plugin-paginate-rest/download/@octokit/plugin-paginate-rest-2.14.0.tgz",
      "integrity": "sha1-9GnLSpCHkvtEZ5xZc9i7qCDIiw8=",
      "requires": {
        "@octokit/types": "^6.18.0"
      }
    },
    "@octokit/plugin-rest-endpoint-methods": {
      "version": "5.5.2",
      "resolved": "http://registry.m.jd.com/@octokit/plugin-rest-endpoint-methods/download/@octokit/plugin-rest-endpoint-methods-5.5.2.tgz",
      "integrity": "sha1-yL2zBlqXJeMIAilfEKMbP/Q0gww=",
      "requires": {
        "@octokit/types": "^6.22.0",
        "deprecation": "^2.3.1"
      }
    },
    "@octokit/request": {
      "version": "5.6.0",
      "resolved": "http://registry.m.jd.com/@octokit/request/download/@octokit/request-5.6.0.tgz",
      "integrity": "sha1-YISGG25Poh3EDI4qc57F7/WX5nI=",
      "requires": {
        "@octokit/endpoint": "^6.0.1",
        "@octokit/request-error": "^2.1.0",
        "@octokit/types": "^6.16.1",
        "is-plain-object": "^5.0.0",
        "node-fetch": "^2.6.1",
        "universal-user-agent": "^6.0.0"
      }
    },
    "@octokit/request-error": {
      "version": "2.1.0",
      "resolved": "http://registry.m.jd.com/@octokit/request-error/download/@octokit/request-error-2.1.0.tgz",
      "integrity": "sha1-nhUDV4Mb/HiNE6T9SxkT1gx01nc=",
      "requires": {
        "@octokit/types": "^6.0.3",
        "deprecation": "^2.0.0",
        "once": "^1.4.0"
      }
    },
    "@octokit/types": {
      "version": "6.22.0",
      "resolved": "http://registry.m.jd.com/@octokit/types/download/@octokit/types-6.22.0.tgz",
      "integrity": "sha1-OJut4glVyRkkG2/7ndM/bgzxzGw=",
      "requires": {
        "@octokit/openapi-types": "^9.2.0"
      }
    },
    "addressparser": {
      "version": "1.0.1",
      "resolved": "http://registry.m.jd.com/addressparser/download/addressparser-1.0.1.tgz",
      "integrity": "sha1-R6++GiqSYhkdtoOOT9HTm0CCF0Y="
    },
    "before-after-hook": {
      "version": "2.2.2",
      "resolved": "http://registry.m.jd.com/before-after-hook/download/before-after-hook-2.2.2.tgz",
      "integrity": "sha1-pujKQQKNkO4sJCIvIByQlWCRYT4="
    },
    "deprecation": {
      "version": "2.3.1",
      "resolved": "http://registry.m.jd.com/deprecation/download/deprecation-2.3.1.tgz",
      "integrity": "sha1-Y2jL20Cr8zc7UlrIfkomDDpwCRk="
    },
    "fs-extra": {
      "version": "10.0.0",
      "resolved": "http://registry.m.jd.com/fs-extra/download/fs-extra-10.0.0.tgz",
      "integrity": "sha1-n/YbZV3eU/s0qC34S7IUzoAuF8E=",
      "requires": {
        "graceful-fs": "^4.2.0",
        "jsonfile": "^6.0.1",
        "universalify": "^2.0.0"
      }
    },
    "graceful-fs": {
      "version": "4.2.6",
      "resolved": "http://registry.m.jd.com/graceful-fs/download/graceful-fs-4.2.6.tgz",
      "integrity": "sha1-/wQLKwhTsjw9MQJ1I3BvGIXXa+4="
    },
    "is-plain-object": {
      "version": "5.0.0",
      "resolved": "http://registry.m.jd.com/is-plain-object/download/is-plain-object-5.0.0.tgz",
      "integrity": "sha1-RCf1CrNCnpAl6n1S6QQ6nvQVk0Q="
    },
    "jsonfile": {
      "version": "6.1.0",
      "resolved": "http://registry.m.jd.com/jsonfile/download/jsonfile-6.1.0.tgz",
      "integrity": "sha1-vFWyY0eTxnnsZAMJTrE2mKbsCq4=",
      "requires": {
        "graceful-fs": "^4.1.6",
        "universalify": "^2.0.0"
      }
    },
    "node-fetch": {
      "version": "2.6.1",
      "resolved": "http://registry.m.jd.com/node-fetch/download/node-fetch-2.6.1.tgz",
      "integrity": "sha1-BFvTI2Mfdu0uK1VXM5RBa2OaAFI="
    },
    "once": {
      "version": "1.4.0",
      "resolved": "http://registry.m.jd.com/once/download/once-1.4.0.tgz",
      "integrity": "sha1-WDsap3WWHUsROsF9nFC6753Xa9E=",
      "requires": {
        "wrappy": "1"
      }
    },
    "tunnel": {
      "version": "0.0.6",
      "resolved": "http://registry.m.jd.com/tunnel/download/tunnel-0.0.6.tgz",
      "integrity": "sha1-cvExSzSlsZLbASMk3yzFh8pH+Sw="
    },
    "universal-user-agent": {
      "version": "6.0.0",
      "resolved": "http://registry.m.jd.com/universal-user-agent/download/universal-user-agent-6.0.0.tgz",
      "integrity": "sha1-M4H4UDslHA2c0hvB3pOeyd9UgO4="
    },
    "universalify": {
      "version": "2.0.0",
      "resolved": "http://registry.m.jd.com/universalify/download/universalify-2.0.0.tgz",
      "integrity": "sha1-daSYTv7cSwiXXFrrc/Uw0C3yVxc="
    },
    "wrappy": {
      "version": "1.0.2",
      "resolved": "http://registry.m.jd.com/wrappy/download/wrappy-1.0.2.tgz",
      "integrity": "sha1-tSQ9jz7BqjXxNkYFvA0QNuMKtp8="
    }
  }
}
